
Microsoft Visual Studio Solution File, Format Version 12.00
# Visual Studio Version 16
VisualStudioVersion = 16.0.30204.135
MinimumVisualStudioVersion = 10.0.40219.1
Project("{9A19103F-16F7-4668-BE54-9A1E7A4F7556}") = "Faker", "Faker\Faker.csproj", "{F68179B7-DB3C-4AEA-99D7-0BB10B183023}"
EndProject
Project("{FAE04EC0-301F-11D3-BF4B-00C04F79EFBC}") = "Faker.Tests", "Faker.Tests\Faker.Tests.csproj", "{32AAE68D-9627-469C-A3A5-9E020C9782BC}"
EndProject
Global
	GlobalSection(SolutionConfigurationPlatforms) = preSolution
		Debug|Any CPU = Debug|Any CPU
		Release|Any CPU = Release|Any CPU
	EndGlobalSection
	GlobalSection(ProjectConfigurationPlatforms) = postSolution
		{F68179B7-DB3C-4AEA-99D7-0BB10B183023}.Debug|Any CPU.ActiveCfg = Debug|Any CPU
		{F68179B7-DB3C-4AEA-99D7-0BB10B183023}.Debug|Any CPU.Build.0 = Debug|Any CPU
		{F68179B7-DB3C-4AEA-99D7-0BB10B183023}.Release|Any CPU.ActiveCfg = Release|Any CPU
		{F68179B7-DB3C-4AEA-99D7-0BB10B183023}.Release|Any CPU.Build.0 = Release|Any CPU
		{32AAE68D-9627-469C-A3A5-9E020C9782BC}.Debug|Any CPU.ActiveCfg = Debug|Any CPU
		{32AAE68D-9627-469C-A3A5-9E020C9782BC}.Debug|Any CPU.Build.0 = Debug|Any CPU
		{32AAE68D-9627-469C-A3A5-9E020C9782BC}.Release|Any CPU.ActiveCfg = Release|Any CPU
		{32AAE68D-9627-469C-A3A5-9E020C9782BC}.Release|Any CPU.Build.0 = Release|Any CPU
	EndGlobalSection
	GlobalSection(SolutionProperties) = preSolution
		HideSolutionNode = FALSE
	EndGlobalSection
	GlobalSection(ExtensibilityGlobals) = postSolution
		SolutionGuid = {7BC879AD-4EA7-446B-B996-05007BA28F9B}
	EndGlobalSection
EndGlobal
